
Microsoft Visual Studio Solution File, Format Version 12.00
Project("{FAE04EC0-301F-11D3-BF4B-00C04F79EFBC}") = "CoxlinCore", "CoxlinCore.csproj", "{0553D194-B9F3-4B0E-97AC-D7E0B62A9F37}"
EndProject
Global
	GlobalSection(SolutionConfigurationPlatforms) = preSolution
		Debug|Any CPU = Debug|Any CPU
		Release|Any CPU = Release|Any CPU
	EndGlobalSection
	GlobalSection(ProjectConfigurationPlatforms) = postSolution
		{0553D194-B9F3-4B0E-97AC-D7E0B62A9F37}.Debug|Any CPU.ActiveCfg = Debug|Any CPU
		{0553D194-B9F3-4B0E-97AC-D7E0B62A9F37}.Debug|Any CPU.Build.0 = Debug|Any CPU
		{0553D194-B9F3-4B0E-97AC-D7E0B62A9F37}.Release|Any CPU.ActiveCfg = Release|Any CPU
		{0553D194-B9F3-4B0E-97AC-D7E0B62A9F37}.Release|Any CPU.Build.0 = Release|Any CPU
	EndGlobalSection
EndGlobal
